
Microsoft Visual Studio Solution File, Format Version 12.00
# Visual Studio Version 17
VisualStudioVersion = 17.6.33801.468
MinimumVisualStudioVersion = 10.0.40219.1
Project("{8BC9CEB8-8B4A-11D0-8D11-00A0C91BC942}") = "Project2630", "Project2630\Project2630.vcxproj", "{08A1F3FD-D32E-428E-B7B8-49CB372F4C73}"
EndProject
Project("{8BC9CEB8-8B4A-11D0-8D11-00A0C91BC942}") = "Project1992", "Project1992\Project1992.vcxproj", "{29FF4D6A-0B60-45EA-BB84-0290BB33277C}"
EndProject
Project("{8BC9CEB8-8B4A-11D0-8D11-00A0C91BC942}") = "Project1780", "Project1780\Project1780.vcxproj", "{4115DBAE-4092-4F9A-A2A4-75D8558A0C4F}"
EndProject
Project("{8BC9CEB8-8B4A-11D0-8D11-00A0C91BC942}") = "Project1629", "Project1629\Project1629.vcxproj", "{4EA31359-3711-42FE-B147-1561D04F1BC0}"
EndProject
Project("{8BC9CEB8-8B4A-11D0-8D11-00A0C91BC942}") = "Project11401", "Project11401\Project11401.vcxproj", "{A853A565-0DC2-46B3-BD9B-707279D99294}"
EndProject
Project("{8BC9CEB8-8B4A-11D0-8D11-00A0C91BC942}") = "Project2740", "Project2740\Project2740.vcxproj", "{27F3C46F-CF23-4804-97C6-349D40890DB5}"
EndProject
Project("{8BC9CEB8-8B4A-11D0-8D11-00A0C91BC942}") = "Project10830", "Project10830\Project10830.vcxproj", "{3633EBE0-B9B0-497B-B629-DD501DC60F03}"
EndProject
Project("{8BC9CEB8-8B4A-11D0-8D11-00A0C91BC942}") = "Project11444", "Project11444\Project11444.vcxproj", "{180F8E9E-4CD2-4C33-BD70-F33D1778EECE}"
EndProject
Project("{8BC9CEB8-8B4A-11D0-8D11-00A0C91BC942}") = "Project6549", "Project6549\Project6549.vcxproj", "{74051467-40A9-4E2E-8457-1569D9C46ABD}"
EndProject
Project("{8BC9CEB8-8B4A-11D0-8D11-00A0C91BC942}") = "Project2630_Review", "Project2630_Review\Project2630_Review.vcxproj", "{8AE87CC8-70BC-4787-AF9E-96DAA77D2349}"
EndProject
Project("{8BC9CEB8-8B4A-11D0-8D11-00A0C91BC942}") = "Project1992_Review", "Project1992_Review\Project1992_Review.vcxproj", "{7140DCF8-F138-4096-87D4-8DD5A28A5A33}"
EndProject
Project("{8BC9CEB8-8B4A-11D0-8D11-00A0C91BC942}") = "Project1780_Review", "Project1780_Review\Project1780_Review.vcxproj", "{AA9405B9-BEA8-4371-BEB4-6D9AF6BEDEF4}"
EndProject
Project("{8BC9CEB8-8B4A-11D0-8D11-00A0C91BC942}") = "Project1629_Review", "Project1629_Review\Project1629_Review.vcxproj", "{B9EC9AE6-BDDD-462A-AB25-8017AC38D472}"
EndProject
Project("{8BC9CEB8-8B4A-11D0-8D11-00A0C91BC942}") = "Project11401_Review", "Project11401_Review\Project11401_Review.vcxproj", "{5016CDBA-58FF-4AA4-A4AE-EB0FD3994BC5}"
EndProject
Global
	GlobalSection(SolutionConfigurationPlatforms) = preSolution
		Debug|x64 = Debug|x64
		Debug|x86 = Debug|x86
		Release|x64 = Release|x64
		Release|x86 = Release|x86
	EndGlobalSection
	GlobalSection(ProjectConfigurationPlatforms) = postSolution
		{08A1F3FD-D32E-428E-B7B8-49CB372F4C73}.Debug|x64.ActiveCfg = Debug|x64
		{08A1F3FD-D32E-428E-B7B8-49CB372F4C73}.Debug|x64.Build.0 = Debug|x64
		{08A1F3FD-D32E-428E-B7B8-49CB372F4C73}.Debug|x86.ActiveCfg = Debug|Win32
		{08A1F3FD-D32E-428E-B7B8-49CB372F4C73}.Debug|x86.Build.0 = Debug|Win32
		{08A1F3FD-D32E-428E-B7B8-49CB372F4C73}.Release|x64.ActiveCfg = Release|x64
		{08A1F3FD-D32E-428E-B7B8-49CB372F4C73}.Release|x64.Build.0 = Release|x64
		{08A1F3FD-D32E-428E-B7B8-49CB372F4C73}.Release|x86.ActiveCfg = Release|Win32
		{08A1F3FD-D32E-428E-B7B8-49CB372F4C73}.Release|x86.Build.0 = Release|Win32
		{29FF4D6A-0B60-45EA-BB84-0290BB33277C}.Debug|x64.ActiveCfg = Debug|x64
		{29FF4D6A-0B60-45EA-BB84-0290BB33277C}.Debug|x64.Build.0 = Debug|x64
		{29FF4D6A-0B60-45EA-BB84-0290BB33277C}.Debug|x86.ActiveCfg = Debug|Win32
		{29FF4D6A-0B60-45EA-BB84-0290BB33277C}.Debug|x86.Build.0 = Debug|Win32
		{29FF4D6A-0B60-45EA-BB84-0290BB33277C}.Release|x64.ActiveCfg = Release|x64
		{29FF4D6A-0B60-45EA-BB84-0290BB33277C}.Release|x64.Build.0 = Release|x64
		{29FF4D6A-0B60-45EA-BB84-0290BB33277C}.Release|x86.ActiveCfg = Release|Win32
		{29FF4D6A-0B60-45EA-BB84-0290BB33277C}.Release|x86.Build.0 = Release|Win32
		{4115DBAE-4092-4F9A-A2A4-75D8558A0C4F}.Debug|x64.ActiveCfg = Debug|x64
		{4115DBAE-4092-4F9A-A2A4-75D8558A0C4F}.Debug|x64.Build.0 = Debug|x64
		{4115DBAE-4092-4F9A-A2A4-75D8558A0C4F}.Debug|x86.ActiveCfg = Debug|Win32
		{4115DBAE-4092-4F9A-A2A4-75D8558A0C4F}.Debug|x86.Build.0 = Debug|Win32
		{4115DBAE-4092-4F9A-A2A4-75D8558A0C4F}.Release|x64.ActiveCfg = Release|x64
		{4115DBAE-4092-4F9A-A2A4-75D8558A0C4F}.Release|x64.Build.0 = Release|x64
		{4115DBAE-4092-4F9A-A2A4-75D8558A0C4F}.Release|x86.ActiveCfg = Release|Win32
		{4115DBAE-4092-4F9A-A2A4-75D8558A0C4F}.Release|x86.Build.0 = Release|Win32
		{4EA31359-3711-42FE-B147-1561D04F1BC0}.Debug|x64.ActiveCfg = Debug|x64
		{4EA31359-3711-42FE-B147-1561D04F1BC0}.Debug|x64.Build.0 = Debug|x64
		{4EA31359-3711-42FE-B147-1561D04F1BC0}.Debug|x86.ActiveCfg = Debug|Win32
		{4EA31359-3711-42FE-B147-1561D04F1BC0}.Debug|x86.Build.0 = Debug|Win32
		{4EA31359-3711-42FE-B147-1561D04F1BC0}.Release|x64.ActiveCfg = Release|x64
		{4EA31359-3711-42FE-B147-1561D04F1BC0}.Release|x64.Build.0 = Release|x64
		{4EA31359-3711-42FE-B147-1561D04F1BC0}.Release|x86.ActiveCfg = Release|Win32
		{4EA31359-3711-42FE-B147-1561D04F1BC0}.Release|x86.Build.0 = Release|Win32
		{A853A565-0DC2-46B3-BD9B-707279D99294}.Debug|x64.ActiveCfg = Debug|x64
		{A853A565-0DC2-46B3-BD9B-707279D99294}.Debug|x64.Build.0 = Debug|x64
		{A853A565-0DC2-46B3-BD9B-707279D99294}.Debug|x86.ActiveCfg = Debug|Win32
		{A853A565-0DC2-46B3-BD9B-707279D99294}.Debug|x86.Build.0 = Debug|Win32
		{A853A565-0DC2-46B3-BD9B-707279D99294}.Release|x64.ActiveCfg = Release|x64
		{A853A565-0DC2-46B3-BD9B-707279D99294}.Release|x64.Build.0 = Release|x64
		{A853A565-0DC2-46B3-BD9B-707279D99294}.Release|x86.ActiveCfg = Release|Win32
		{A853A565-0DC2-46B3-BD9B-707279D99294}.Release|x86.Build.0 = Release|Win32
		{27F3C46F-CF23-4804-97C6-349D40890DB5}.Debug|x64.ActiveCfg = Debug|x64
		{27F3C46F-CF23-4804-97C6-349D40890DB5}.Debug|x64.Build.0 = Debug|x64
		{27F3C46F-CF23-4804-97C6-349D40890DB5}.Debug|x86.ActiveCfg = Debug|Win32
		{27F3C46F-CF23-4804-97C6-349D40890DB5}.Debug|x86.Build.0 = Debug|Win32
		{27F3C46F-CF23-4804-97C6-349D40890DB5}.Release|x64.ActiveCfg = Release|x64
		{27F3C46F-CF23-4804-97C6-349D40890DB5}.Release|x64.Build.0 = Release|x64
		{27F3C46F-CF23-4804-97C6-349D40890DB5}.Release|x86.ActiveCfg = Release|Win32
		{27F3C46F-CF23-4804-97C6-349D40890DB5}.Release|x86.Build.0 = Release|Win32
		{3633EBE0-B9B0-497B-B629-DD501DC60F03}.Debug|x64.ActiveCfg = Debug|x64
		{3633EBE0-B9B0-497B-B629-DD501DC60F03}.Debug|x64.Build.0 = Debug|x64
		{3633EBE0-B9B0-497B-B629-DD501DC60F03}.Debug|x86.ActiveCfg = Debug|Win32
		{3633EBE0-B9B0-497B-B629-DD501DC60F03}.Debug|x86.Build.0 = Debug|Win32
		{3633EBE0-B9B0-497B-B629-DD501DC60F03}.Release|x64.ActiveCfg = Release|x64
		{3633EBE0-B9B0-497B-B629-DD501DC60F03}.Release|x64.Build.0 = Release|x64
		{3633EBE0-B9B0-497B-B629-DD501DC60F03}.Release|x86.ActiveCfg = Release|Win32
		{3633EBE0-B9B0-497B-B629-DD501DC60F03}.Release|x86.Build.0 = Release|Win32
		{180F8E9E-4CD2-4C33-BD70-F33D1778EECE}.Debug|x64.ActiveCfg = Debug|x64
		{180F8E9E-4CD2-4C33-BD70-F33D1778EECE}.Debug|x64.Build.0 = Debug|x64
		{180F8E9E-4CD2-4C33-BD70-F33D1778EECE}.Debug|x86.ActiveCfg = Debug|Win32
		{180F8E9E-4CD2-4C33-BD70-F33D1778EECE}.Debug|x86.Build.0 = Debug|Win32
		{180F8E9E-4CD2-4C33-BD70-F33D1778EECE}.Release|x64.ActiveCfg = Release|x64
		{180F8E9E-4CD2-4C33-BD70-F33D1778EECE}.Release|x64.Build.0 = Release|x64
		{180F8E9E-4CD2-4C33-BD70-F33D1778EECE}.Release|x86.ActiveCfg = Release|Win32
		{180F8E9E-4CD2-4C33-BD70-F33D1778EECE}.Release|x86.Build.0 = Release|Win32
		{74051467-40A9-4E2E-8457-1569D9C46ABD}.Debug|x64.ActiveCfg = Debug|x64
		{74051467-40A9-4E2E-8457-1569D9C46ABD}.Debug|x64.Build.0 = Debug|x64
		{74051467-40A9-4E2E-8457-1569D9C46ABD}.Debug|x86.ActiveCfg = Debug|Win32
		{74051467-40A9-4E2E-8457-1569D9C46ABD}.Debug|x86.Build.0 = Debug|Win32
		{74051467-40A9-4E2E-8457-1569D9C46ABD}.Release|x64.ActiveCfg = Release|x64
		{74051467-40A9-4E2E-8457-1569D9C46ABD}.Release|x64.Build.0 = Release|x64
		{74051467-40A9-4E2E-8457-1569D9C46ABD}.Release|x86.ActiveCfg = Release|Win32
		{74051467-40A9-4E2E-8457-1569D9C46ABD}.Release|x86.Build.0 = Release|Win32
		{8AE87CC8-70BC-4787-AF9E-96DAA77D2349}.Debug|x64.ActiveCfg = Debug|x64
		{8AE87CC8-70BC-4787-AF9E-96DAA77D2349}.Debug|x64.Build.0 = Debug|x64
		{8AE87CC8-70BC-4787-AF9E-96DAA77D2349}.Debug|x86.ActiveCfg = Debug|Win32
		{8AE87CC8-70BC-4787-AF9E-96DAA77D2349}.Debug|x86.Build.0 = Debug|Win32
		{8AE87CC8-70BC-4787-AF9E-96DAA77D2349}.Release|x64.ActiveCfg = Release|x64
		{8AE87CC8-70BC-4787-AF9E-96DAA77D2349}.Release|x64.Build.0 = Release|x64
		{8AE87CC8-70BC-4787-AF9E-96DAA77D2349}.Release|x86.ActiveCfg = Release|Win32
		{8AE87CC8-70BC-4787-AF9E-96DAA77D2349}.Release|x86.Build.0 = Release|Win32
		{7140DCF8-F138-4096-87D4-8DD5A28A5A33}.Debug|x64.ActiveCfg = Debug|x64
		{7140DCF8-F138-4096-87D4-8DD5A28A5A33}.Debug|x64.Build.0 = Debug|x64
		{7140DCF8-F138-4096-87D4-8DD5A28A5A33}.Debug|x86.ActiveCfg = Debug|Win32
		{7140DCF8-F138-4096-87D4-8DD5A28A5A33}.Debug|x86.Build.0 = Debug|Win32
		{7140DCF8-F138-4096-87D4-8DD5A28A5A33}.Release|x64.ActiveCfg = Release|x64
		{7140DCF8-F138-4096-87D4-8DD5A28A5A33}.Release|x64.Build.0 = Release|x64
		{7140DCF8-F138-4096-87D4-8DD5A28A5A33}.Release|x86.ActiveCfg = Release|Win32
		{7140DCF8-F138-4096-87D4-8DD5A28A5A33}.Release|x86.Build.0 = Release|Win32
		{AA9405B9-BEA8-4371-BEB4-6D9AF6BEDEF4}.Debug|x64.ActiveCfg = Debug|x64
		{AA9405B9-BEA8-4371-BEB4-6D9AF6BEDEF4}.Debug|x64.Build.0 = Debug|x64
		{AA9405B9-BEA8-4371-BEB4-6D9AF6BEDEF4}.Debug|x86.ActiveCfg = Debug|Win32
		{AA9405B9-BEA8-4371-BEB4-6D9AF6BEDEF4}.Debug|x86.Build.0 = Debug|Win32
		{AA9405B9-BEA8-4371-BEB4-6D9AF6BEDEF4}.Release|x64.ActiveCfg = Release|x64
		{AA9405B9-BEA8-4371-BEB4-6D9AF6BEDEF4}.Release|x64.Build.0 = Release|x64
		{AA9405B9-BEA8-4371-BEB4-6D9AF6BEDEF4}.Release|x86.ActiveCfg = Release|Win32
		{AA9405B9-BEA8-4371-BEB4-6D9AF6BEDEF4}.Release|x86.Build.0 = Release|Win32
		{B9EC9AE6-BDDD-462A-AB25-8017AC38D472}.Debug|x64.ActiveCfg = Debug|x64
		{B9EC9AE6-BDDD-462A-AB25-8017AC38D472}.Debug|x64.Build.0 = Debug|x64
		{B9EC9AE6-BDDD-462A-AB25-8017AC38D472}.Debug|x86.ActiveCfg = Debug|Win32
		{B9EC9AE6-BDDD-462A-AB25-8017AC38D472}.Debug|x86.Build.0 = Debug|Win32
		{B9EC9AE6-BDDD-462A-AB25-8017AC38D472}.Release|x64.ActiveCfg = Release|x64
		{B9EC9AE6-BDDD-462A-AB25-8017AC38D472}.Release|x64.Build.0 = Release|x64
		{B9EC9AE6-BDDD-462A-AB25-8017AC38D472}.Release|x86.ActiveCfg = Release|Win32
		{B9EC9AE6-BDDD-462A-AB25-8017AC38D472}.Release|x86.Build.0 = Release|Win32
		{5016CDBA-58FF-4AA4-A4AE-EB0FD3994BC5}.Debug|x64.ActiveCfg = Debug|x64
		{5016CDBA-58FF-4AA4-A4AE-EB0FD3994BC5}.Debug|x64.Build.0 = Debug|x64
		{5016CDBA-58FF-4AA4-A4AE-EB0FD3994BC5}.Debug|x86.ActiveCfg = Debug|Win32
		{5016CDBA-58FF-4AA4-A4AE-EB0FD3994BC5}.Debug|x86.Build.0 = Debug|Win32
		{5016CDBA-58FF-4AA4-A4AE-EB0FD3994BC5}.Release|x64.ActiveCfg = Release|x64
		{5016CDBA-58FF-4AA4-A4AE-EB0FD3994BC5}.Release|x64.Build.0 = Release|x64
		{5016CDBA-58FF-4AA4-A4AE-EB0FD3994BC5}.Release|x86.ActiveCfg = Release|Win32
		{5016CDBA-58FF-4AA4-A4AE-EB0FD3994BC5}.Release|x86.Build.0 = Release|Win32
	EndGlobalSection
	GlobalSection(SolutionProperties) = preSolution
		HideSolutionNode = FALSE
	EndGlobalSection
	GlobalSection(ExtensibilityGlobals) = postSolution
		SolutionGuid = {6D902013-3889-4263-BA1B-E2D3B3B521C8}
	EndGlobalSection
EndGlobal
