
Microsoft Visual Studio Solution File, Format Version 12.00
# Visual Studio Version 17
VisualStudioVersion = 17.7.34009.444
MinimumVisualStudioVersion = 10.0.40219.1
Project("{8BC9CEB8-8B4A-11D0-8D11-00A0C91BC942}") = "Project12745", "Project12745\Project12745.vcxproj", "{741AAE82-C4E3-4650-A469-36DCBF3B3E5C}"
EndProject
Project("{8BC9CEB8-8B4A-11D0-8D11-00A0C91BC942}") = "Project11005", "Project11005\Project11005.vcxproj", "{B1CDAEA8-4EEE-4F25-96DE-66EBEB1222DA}"
EndProject
Project("{8BC9CEB8-8B4A-11D0-8D11-00A0C91BC942}") = "Project2720", "Project2720\Project2720.vcxproj", "{5012C443-8EF3-447E-A9BA-2288430DAC4C}"
EndProject
Global
	GlobalSection(SolutionConfigurationPlatforms) = preSolution
		Debug|x64 = Debug|x64
		Debug|x86 = Debug|x86
		Release|x64 = Release|x64
		Release|x86 = Release|x86
	EndGlobalSection
	GlobalSection(ProjectConfigurationPlatforms) = postSolution
		{741AAE82-C4E3-4650-A469-36DCBF3B3E5C}.Debug|x64.ActiveCfg = Debug|x64
		{741AAE82-C4E3-4650-A469-36DCBF3B3E5C}.Debug|x64.Build.0 = Debug|x64
		{741AAE82-C4E3-4650-A469-36DCBF3B3E5C}.Debug|x86.ActiveCfg = Debug|Win32
		{741AAE82-C4E3-4650-A469-36DCBF3B3E5C}.Debug|x86.Build.0 = Debug|Win32
		{741AAE82-C4E3-4650-A469-36DCBF3B3E5C}.Release|x64.ActiveCfg = Release|x64
		{741AAE82-C4E3-4650-A469-36DCBF3B3E5C}.Release|x64.Build.0 = Release|x64
		{741AAE82-C4E3-4650-A469-36DCBF3B3E5C}.Release|x86.ActiveCfg = Release|Win32
		{741AAE82-C4E3-4650-A469-36DCBF3B3E5C}.Release|x86.Build.0 = Release|Win32
		{B1CDAEA8-4EEE-4F25-96DE-66EBEB1222DA}.Debug|x64.ActiveCfg = Debug|x64
		{B1CDAEA8-4EEE-4F25-96DE-66EBEB1222DA}.Debug|x64.Build.0 = Debug|x64
		{B1CDAEA8-4EEE-4F25-96DE-66EBEB1222DA}.Debug|x86.ActiveCfg = Debug|Win32
		{B1CDAEA8-4EEE-4F25-96DE-66EBEB1222DA}.Debug|x86.Build.0 = Debug|Win32
		{B1CDAEA8-4EEE-4F25-96DE-66EBEB1222DA}.Release|x64.ActiveCfg = Release|x64
		{B1CDAEA8-4EEE-4F25-96DE-66EBEB1222DA}.Release|x64.Build.0 = Release|x64
		{B1CDAEA8-4EEE-4F25-96DE-66EBEB1222DA}.Release|x86.ActiveCfg = Release|Win32
		{B1CDAEA8-4EEE-4F25-96DE-66EBEB1222DA}.Release|x86.Build.0 = Release|Win32
		{5012C443-8EF3-447E-A9BA-2288430DAC4C}.Debug|x64.ActiveCfg = Debug|x64
		{5012C443-8EF3-447E-A9BA-2288430DAC4C}.Debug|x64.Build.0 = Debug|x64
		{5012C443-8EF3-447E-A9BA-2288430DAC4C}.Debug|x86.ActiveCfg = Debug|Win32
		{5012C443-8EF3-447E-A9BA-2288430DAC4C}.Debug|x86.Build.0 = Debug|Win32
		{5012C443-8EF3-447E-A9BA-2288430DAC4C}.Release|x64.ActiveCfg = Release|x64
		{5012C443-8EF3-447E-A9BA-2288430DAC4C}.Release|x64.Build.0 = Release|x64
		{5012C443-8EF3-447E-A9BA-2288430DAC4C}.Release|x86.ActiveCfg = Release|Win32
		{5012C443-8EF3-447E-A9BA-2288430DAC4C}.Release|x86.Build.0 = Release|Win32
	EndGlobalSection
	GlobalSection(SolutionProperties) = preSolution
		HideSolutionNode = FALSE
	EndGlobalSection
	GlobalSection(ExtensibilityGlobals) = postSolution
		SolutionGuid = {673F6943-2B84-41F7-8625-FB345AAEB003}
	EndGlobalSection
EndGlobal
