
Microsoft Visual Studio Solution File, Format Version 12.00
# Visual Studio Version 16
VisualStudioVersion = 16.0.33214.272
MinimumVisualStudioVersion = 10.0.40219.1
Project("{8BC9CEB8-8B4A-11D0-8D11-00A0C91BC942}") = "Project10807", "Project10807\Project10807.vcxproj", "{3D916498-B0EE-4DC4-AF93-0C2360929126}"
EndProject
Project("{8BC9CEB8-8B4A-11D0-8D11-00A0C91BC942}") = "Project10810", "Project10810\Project10810.vcxproj", "{07DA20B6-F7E6-4F65-978E-3B0D86E499A7}"
EndProject
Project("{8BC9CEB8-8B4A-11D0-8D11-00A0C91BC942}") = "Project10813", "Project10813\Project10813.vcxproj", "{DEEA6395-A24E-4DF4-A225-B4024DC0B70C}"
EndProject
Project("{8BC9CEB8-8B4A-11D0-8D11-00A0C91BC942}") = "Project5597", "Project5597\Project5597.vcxproj", "{8ECB1B82-38EF-4992-B906-49586DFE8C1C}"
EndProject
Project("{8BC9CEB8-8B4A-11D0-8D11-00A0C91BC942}") = "Project10811", "Project10811\Project10811.vcxproj", "{C497B0D8-247D-41E2-BE11-1693A3979F53}"
EndProject
Global
	GlobalSection(SolutionConfigurationPlatforms) = preSolution
		Debug|x64 = Debug|x64
		Debug|x86 = Debug|x86
		Release|x64 = Release|x64
		Release|x86 = Release|x86
	EndGlobalSection
	GlobalSection(ProjectConfigurationPlatforms) = postSolution
		{3D916498-B0EE-4DC4-AF93-0C2360929126}.Debug|x64.ActiveCfg = Debug|x64
		{3D916498-B0EE-4DC4-AF93-0C2360929126}.Debug|x64.Build.0 = Debug|x64
		{3D916498-B0EE-4DC4-AF93-0C2360929126}.Debug|x86.ActiveCfg = Debug|Win32
		{3D916498-B0EE-4DC4-AF93-0C2360929126}.Debug|x86.Build.0 = Debug|Win32
		{3D916498-B0EE-4DC4-AF93-0C2360929126}.Release|x64.ActiveCfg = Release|x64
		{3D916498-B0EE-4DC4-AF93-0C2360929126}.Release|x64.Build.0 = Release|x64
		{3D916498-B0EE-4DC4-AF93-0C2360929126}.Release|x86.ActiveCfg = Release|Win32
		{3D916498-B0EE-4DC4-AF93-0C2360929126}.Release|x86.Build.0 = Release|Win32
		{07DA20B6-F7E6-4F65-978E-3B0D86E499A7}.Debug|x64.ActiveCfg = Debug|x64
		{07DA20B6-F7E6-4F65-978E-3B0D86E499A7}.Debug|x64.Build.0 = Debug|x64
		{07DA20B6-F7E6-4F65-978E-3B0D86E499A7}.Debug|x86.ActiveCfg = Debug|Win32
		{07DA20B6-F7E6-4F65-978E-3B0D86E499A7}.Debug|x86.Build.0 = Debug|Win32
		{07DA20B6-F7E6-4F65-978E-3B0D86E499A7}.Release|x64.ActiveCfg = Release|x64
		{07DA20B6-F7E6-4F65-978E-3B0D86E499A7}.Release|x64.Build.0 = Release|x64
		{07DA20B6-F7E6-4F65-978E-3B0D86E499A7}.Release|x86.ActiveCfg = Release|Win32
		{07DA20B6-F7E6-4F65-978E-3B0D86E499A7}.Release|x86.Build.0 = Release|Win32
		{DEEA6395-A24E-4DF4-A225-B4024DC0B70C}.Debug|x64.ActiveCfg = Debug|x64
		{DEEA6395-A24E-4DF4-A225-B4024DC0B70C}.Debug|x64.Build.0 = Debug|x64
		{DEEA6395-A24E-4DF4-A225-B4024DC0B70C}.Debug|x86.ActiveCfg = Debug|Win32
		{DEEA6395-A24E-4DF4-A225-B4024DC0B70C}.Debug|x86.Build.0 = Debug|Win32
		{DEEA6395-A24E-4DF4-A225-B4024DC0B70C}.Release|x64.ActiveCfg = Release|x64
		{DEEA6395-A24E-4DF4-A225-B4024DC0B70C}.Release|x64.Build.0 = Release|x64
		{DEEA6395-A24E-4DF4-A225-B4024DC0B70C}.Release|x86.ActiveCfg = Release|Win32
		{DEEA6395-A24E-4DF4-A225-B4024DC0B70C}.Release|x86.Build.0 = Release|Win32
		{8ECB1B82-38EF-4992-B906-49586DFE8C1C}.Debug|x64.ActiveCfg = Debug|x64
		{8ECB1B82-38EF-4992-B906-49586DFE8C1C}.Debug|x64.Build.0 = Debug|x64
		{8ECB1B82-38EF-4992-B906-49586DFE8C1C}.Debug|x86.ActiveCfg = Debug|Win32
		{8ECB1B82-38EF-4992-B906-49586DFE8C1C}.Debug|x86.Build.0 = Debug|Win32
		{8ECB1B82-38EF-4992-B906-49586DFE8C1C}.Release|x64.ActiveCfg = Release|x64
		{8ECB1B82-38EF-4992-B906-49586DFE8C1C}.Release|x64.Build.0 = Release|x64
		{8ECB1B82-38EF-4992-B906-49586DFE8C1C}.Release|x86.ActiveCfg = Release|Win32
		{8ECB1B82-38EF-4992-B906-49586DFE8C1C}.Release|x86.Build.0 = Release|Win32
		{C497B0D8-247D-41E2-BE11-1693A3979F53}.Debug|x64.ActiveCfg = Debug|x64
		{C497B0D8-247D-41E2-BE11-1693A3979F53}.Debug|x64.Build.0 = Debug|x64
		{C497B0D8-247D-41E2-BE11-1693A3979F53}.Debug|x86.ActiveCfg = Debug|Win32
		{C497B0D8-247D-41E2-BE11-1693A3979F53}.Debug|x86.Build.0 = Debug|Win32
		{C497B0D8-247D-41E2-BE11-1693A3979F53}.Release|x64.ActiveCfg = Release|x64
		{C497B0D8-247D-41E2-BE11-1693A3979F53}.Release|x64.Build.0 = Release|x64
		{C497B0D8-247D-41E2-BE11-1693A3979F53}.Release|x86.ActiveCfg = Release|Win32
		{C497B0D8-247D-41E2-BE11-1693A3979F53}.Release|x86.Build.0 = Release|Win32
	EndGlobalSection
	GlobalSection(SolutionProperties) = preSolution
		HideSolutionNode = FALSE
	EndGlobalSection
	GlobalSection(ExtensibilityGlobals) = postSolution
		SolutionGuid = {D92682CD-012F-41AD-8B8F-EEEC754C3C31}
	EndGlobalSection
EndGlobal
