
Microsoft Visual Studio Solution File, Format Version 12.00
# Visual Studio Version 16
VisualStudioVersion = 16.0.31410.357
MinimumVisualStudioVersion = 10.0.40219.1
Project("{8BC9CEB8-8B4A-11D0-8D11-00A0C91BC942}") = "Project7_1", "Project7_1\Project7_1.vcxproj", "{CBE6E74D-EACE-4549-850E-7B7BCE37C5BE}"
EndProject
Global
	GlobalSection(SolutionConfigurationPlatforms) = preSolution
		Debug|x64 = Debug|x64
		Debug|x86 = Debug|x86
		Release|x64 = Release|x64
		Release|x86 = Release|x86
	EndGlobalSection
	GlobalSection(ProjectConfigurationPlatforms) = postSolution
		{CBE6E74D-EACE-4549-850E-7B7BCE37C5BE}.Debug|x64.ActiveCfg = Debug|x64
		{CBE6E74D-EACE-4549-850E-7B7BCE37C5BE}.Debug|x64.Build.0 = Debug|x64
		{CBE6E74D-EACE-4549-850E-7B7BCE37C5BE}.Debug|x86.ActiveCfg = Debug|Win32
		{CBE6E74D-EACE-4549-850E-7B7BCE37C5BE}.Debug|x86.Build.0 = Debug|Win32
		{CBE6E74D-EACE-4549-850E-7B7BCE37C5BE}.Release|x64.ActiveCfg = Release|x64
		{CBE6E74D-EACE-4549-850E-7B7BCE37C5BE}.Release|x64.Build.0 = Release|x64
		{CBE6E74D-EACE-4549-850E-7B7BCE37C5BE}.Release|x86.ActiveCfg = Release|Win32
		{CBE6E74D-EACE-4549-850E-7B7BCE37C5BE}.Release|x86.Build.0 = Release|Win32
	EndGlobalSection
	GlobalSection(SolutionProperties) = preSolution
		HideSolutionNode = FALSE
	EndGlobalSection
	GlobalSection(ExtensibilityGlobals) = postSolution
		SolutionGuid = {33CF20D3-8641-4B01-A415-306393C4A5A1}
	EndGlobalSection
EndGlobal
