
Microsoft Visual Studio Solution File, Format Version 12.00
# Visual Studio Version 16
VisualStudioVersion = 16.0.33214.272
MinimumVisualStudioVersion = 10.0.40219.1
Project("{8BC9CEB8-8B4A-11D0-8D11-00A0C91BC942}") = "Project2444", "Project2444\Project2444.vcxproj", "{B740708D-CD60-43DF-AA00-20E99AC09C35}"
EndProject
Project("{8BC9CEB8-8B4A-11D0-8D11-00A0C91BC942}") = "Project10812", "Project10812\Project10812.vcxproj", "{0986FB6D-E124-43C0-AEB1-7148A762E41E}"
EndProject
Project("{8BC9CEB8-8B4A-11D0-8D11-00A0C91BC942}") = "Project10988", "Project10988\Project10988.vcxproj", "{53B4DA4F-4231-475A-B339-73DD1327C130}"
EndProject
Project("{8BC9CEB8-8B4A-11D0-8D11-00A0C91BC942}") = "Project25206", "Project25206\Project25206.vcxproj", "{211C32DF-26EE-4D92-9580-09E9A0E114E6}"
EndProject
Global
	GlobalSection(SolutionConfigurationPlatforms) = preSolution
		Debug|x64 = Debug|x64
		Debug|x86 = Debug|x86
		Release|x64 = Release|x64
		Release|x86 = Release|x86
	EndGlobalSection
	GlobalSection(ProjectConfigurationPlatforms) = postSolution
		{B740708D-CD60-43DF-AA00-20E99AC09C35}.Debug|x64.ActiveCfg = Debug|x64
		{B740708D-CD60-43DF-AA00-20E99AC09C35}.Debug|x64.Build.0 = Debug|x64
		{B740708D-CD60-43DF-AA00-20E99AC09C35}.Debug|x86.ActiveCfg = Debug|Win32
		{B740708D-CD60-43DF-AA00-20E99AC09C35}.Debug|x86.Build.0 = Debug|Win32
		{B740708D-CD60-43DF-AA00-20E99AC09C35}.Release|x64.ActiveCfg = Release|x64
		{B740708D-CD60-43DF-AA00-20E99AC09C35}.Release|x64.Build.0 = Release|x64
		{B740708D-CD60-43DF-AA00-20E99AC09C35}.Release|x86.ActiveCfg = Release|Win32
		{B740708D-CD60-43DF-AA00-20E99AC09C35}.Release|x86.Build.0 = Release|Win32
		{0986FB6D-E124-43C0-AEB1-7148A762E41E}.Debug|x64.ActiveCfg = Debug|x64
		{0986FB6D-E124-43C0-AEB1-7148A762E41E}.Debug|x64.Build.0 = Debug|x64
		{0986FB6D-E124-43C0-AEB1-7148A762E41E}.Debug|x86.ActiveCfg = Debug|Win32
		{0986FB6D-E124-43C0-AEB1-7148A762E41E}.Debug|x86.Build.0 = Debug|Win32
		{0986FB6D-E124-43C0-AEB1-7148A762E41E}.Release|x64.ActiveCfg = Release|x64
		{0986FB6D-E124-43C0-AEB1-7148A762E41E}.Release|x64.Build.0 = Release|x64
		{0986FB6D-E124-43C0-AEB1-7148A762E41E}.Release|x86.ActiveCfg = Release|Win32
		{0986FB6D-E124-43C0-AEB1-7148A762E41E}.Release|x86.Build.0 = Release|Win32
		{53B4DA4F-4231-475A-B339-73DD1327C130}.Debug|x64.ActiveCfg = Debug|x64
		{53B4DA4F-4231-475A-B339-73DD1327C130}.Debug|x64.Build.0 = Debug|x64
		{53B4DA4F-4231-475A-B339-73DD1327C130}.Debug|x86.ActiveCfg = Debug|Win32
		{53B4DA4F-4231-475A-B339-73DD1327C130}.Debug|x86.Build.0 = Debug|Win32
		{53B4DA4F-4231-475A-B339-73DD1327C130}.Release|x64.ActiveCfg = Release|x64
		{53B4DA4F-4231-475A-B339-73DD1327C130}.Release|x64.Build.0 = Release|x64
		{53B4DA4F-4231-475A-B339-73DD1327C130}.Release|x86.ActiveCfg = Release|Win32
		{53B4DA4F-4231-475A-B339-73DD1327C130}.Release|x86.Build.0 = Release|Win32
		{211C32DF-26EE-4D92-9580-09E9A0E114E6}.Debug|x64.ActiveCfg = Debug|x64
		{211C32DF-26EE-4D92-9580-09E9A0E114E6}.Debug|x64.Build.0 = Debug|x64
		{211C32DF-26EE-4D92-9580-09E9A0E114E6}.Debug|x86.ActiveCfg = Debug|Win32
		{211C32DF-26EE-4D92-9580-09E9A0E114E6}.Debug|x86.Build.0 = Debug|Win32
		{211C32DF-26EE-4D92-9580-09E9A0E114E6}.Release|x64.ActiveCfg = Release|x64
		{211C32DF-26EE-4D92-9580-09E9A0E114E6}.Release|x64.Build.0 = Release|x64
		{211C32DF-26EE-4D92-9580-09E9A0E114E6}.Release|x86.ActiveCfg = Release|Win32
		{211C32DF-26EE-4D92-9580-09E9A0E114E6}.Release|x86.Build.0 = Release|Win32
	EndGlobalSection
	GlobalSection(SolutionProperties) = preSolution
		HideSolutionNode = FALSE
	EndGlobalSection
	GlobalSection(ExtensibilityGlobals) = postSolution
		SolutionGuid = {16B58A94-0F51-42D6-9D75-452D49732B6A}
	EndGlobalSection
EndGlobal
