
Microsoft Visual Studio Solution File, Format Version 12.00
# Visual Studio Version 17
VisualStudioVersion = 17.7.34009.444
MinimumVisualStudioVersion = 10.0.40219.1
Project("{8BC9CEB8-8B4A-11D0-8D11-00A0C91BC942}") = "Algorithm-Fibonacci1", "Algorithm-Fibonacci1\Algorithm-Fibonacci1.vcxproj", "{DE4F7695-1389-4965-86D2-A50DDC962952}"
EndProject
Project("{8BC9CEB8-8B4A-11D0-8D11-00A0C91BC942}") = "Project24416", "Project24416\Project24416.vcxproj", "{435F3AB7-F820-4770-9903-2DD5F6623048}"
EndProject
Global
	GlobalSection(SolutionConfigurationPlatforms) = preSolution
		Debug|x64 = Debug|x64
		Debug|x86 = Debug|x86
		Release|x64 = Release|x64
		Release|x86 = Release|x86
	EndGlobalSection
	GlobalSection(ProjectConfigurationPlatforms) = postSolution
		{DE4F7695-1389-4965-86D2-A50DDC962952}.Debug|x64.ActiveCfg = Debug|x64
		{DE4F7695-1389-4965-86D2-A50DDC962952}.Debug|x64.Build.0 = Debug|x64
		{DE4F7695-1389-4965-86D2-A50DDC962952}.Debug|x86.ActiveCfg = Debug|Win32
		{DE4F7695-1389-4965-86D2-A50DDC962952}.Debug|x86.Build.0 = Debug|Win32
		{DE4F7695-1389-4965-86D2-A50DDC962952}.Release|x64.ActiveCfg = Release|x64
		{DE4F7695-1389-4965-86D2-A50DDC962952}.Release|x64.Build.0 = Release|x64
		{DE4F7695-1389-4965-86D2-A50DDC962952}.Release|x86.ActiveCfg = Release|Win32
		{DE4F7695-1389-4965-86D2-A50DDC962952}.Release|x86.Build.0 = Release|Win32
		{435F3AB7-F820-4770-9903-2DD5F6623048}.Debug|x64.ActiveCfg = Debug|x64
		{435F3AB7-F820-4770-9903-2DD5F6623048}.Debug|x64.Build.0 = Debug|x64
		{435F3AB7-F820-4770-9903-2DD5F6623048}.Debug|x86.ActiveCfg = Debug|Win32
		{435F3AB7-F820-4770-9903-2DD5F6623048}.Debug|x86.Build.0 = Debug|Win32
		{435F3AB7-F820-4770-9903-2DD5F6623048}.Release|x64.ActiveCfg = Release|x64
		{435F3AB7-F820-4770-9903-2DD5F6623048}.Release|x64.Build.0 = Release|x64
		{435F3AB7-F820-4770-9903-2DD5F6623048}.Release|x86.ActiveCfg = Release|Win32
		{435F3AB7-F820-4770-9903-2DD5F6623048}.Release|x86.Build.0 = Release|Win32
	EndGlobalSection
	GlobalSection(SolutionProperties) = preSolution
		HideSolutionNode = FALSE
	EndGlobalSection
	GlobalSection(ExtensibilityGlobals) = postSolution
		SolutionGuid = {FC634CFD-52A1-46F0-84DE-44F204C889C3}
	EndGlobalSection
EndGlobal
