
Microsoft Visual Studio Solution File, Format Version 12.00
# Visual Studio Version 17
VisualStudioVersion = 17.7.34009.444
MinimumVisualStudioVersion = 10.0.40219.1
Project("{8BC9CEB8-8B4A-11D0-8D11-00A0C91BC942}") = "Project24416", "Project24416\Project24416.vcxproj", "{435F3AB7-F820-4770-9903-2DD5F6623048}"
EndProject
Project("{8BC9CEB8-8B4A-11D0-8D11-00A0C91BC942}") = "Project9184", "Project9184\Project9184.vcxproj", "{AC81C069-C6A0-4872-861A-200A88C288DA}"
EndProject
Project("{8BC9CEB8-8B4A-11D0-8D11-00A0C91BC942}") = "Project1904", "Project1904\Project1904.vcxproj", "{03C2E6BF-A46F-495B-B0BB-8C2CC4B9A788}"
EndProject
Project("{8BC9CEB8-8B4A-11D0-8D11-00A0C91BC942}") = "Project9461", "Project9461\Project9461.vcxproj", "{D1AC9215-E97D-41EA-9B4A-00F282B676F6}"
EndProject
Project("{8BC9CEB8-8B4A-11D0-8D11-00A0C91BC942}") = "Project1912", "Project1912\Project1912.vcxproj", "{560166D1-45D2-47B8-9C7A-B0B3C52F0A04}"
EndProject
Project("{8BC9CEB8-8B4A-11D0-8D11-00A0C91BC942}") = "Project1149", "Project1149\Project1149.vcxproj", "{26AD7CF4-03C8-4469-891C-1E2D236C0029}"
EndProject
Project("{8BC9CEB8-8B4A-11D0-8D11-00A0C91BC942}") = "Project1932", "Project1932\Project1932.vcxproj", "{B6245F04-603F-404C-A9A7-2DADF8D7D1E5}"
EndProject
Global
	GlobalSection(SolutionConfigurationPlatforms) = preSolution
		Debug|x64 = Debug|x64
		Debug|x86 = Debug|x86
		Release|x64 = Release|x64
		Release|x86 = Release|x86
	EndGlobalSection
	GlobalSection(ProjectConfigurationPlatforms) = postSolution
		{435F3AB7-F820-4770-9903-2DD5F6623048}.Debug|x64.ActiveCfg = Debug|x64
		{435F3AB7-F820-4770-9903-2DD5F6623048}.Debug|x64.Build.0 = Debug|x64
		{435F3AB7-F820-4770-9903-2DD5F6623048}.Debug|x86.ActiveCfg = Debug|Win32
		{435F3AB7-F820-4770-9903-2DD5F6623048}.Debug|x86.Build.0 = Debug|Win32
		{435F3AB7-F820-4770-9903-2DD5F6623048}.Release|x64.ActiveCfg = Release|x64
		{435F3AB7-F820-4770-9903-2DD5F6623048}.Release|x64.Build.0 = Release|x64
		{435F3AB7-F820-4770-9903-2DD5F6623048}.Release|x86.ActiveCfg = Release|Win32
		{435F3AB7-F820-4770-9903-2DD5F6623048}.Release|x86.Build.0 = Release|Win32
		{AC81C069-C6A0-4872-861A-200A88C288DA}.Debug|x64.ActiveCfg = Debug|x64
		{AC81C069-C6A0-4872-861A-200A88C288DA}.Debug|x64.Build.0 = Debug|x64
		{AC81C069-C6A0-4872-861A-200A88C288DA}.Debug|x86.ActiveCfg = Debug|Win32
		{AC81C069-C6A0-4872-861A-200A88C288DA}.Debug|x86.Build.0 = Debug|Win32
		{AC81C069-C6A0-4872-861A-200A88C288DA}.Release|x64.ActiveCfg = Release|x64
		{AC81C069-C6A0-4872-861A-200A88C288DA}.Release|x64.Build.0 = Release|x64
		{AC81C069-C6A0-4872-861A-200A88C288DA}.Release|x86.ActiveCfg = Release|Win32
		{AC81C069-C6A0-4872-861A-200A88C288DA}.Release|x86.Build.0 = Release|Win32
		{03C2E6BF-A46F-495B-B0BB-8C2CC4B9A788}.Debug|x64.ActiveCfg = Debug|x64
		{03C2E6BF-A46F-495B-B0BB-8C2CC4B9A788}.Debug|x64.Build.0 = Debug|x64
		{03C2E6BF-A46F-495B-B0BB-8C2CC4B9A788}.Debug|x86.ActiveCfg = Debug|Win32
		{03C2E6BF-A46F-495B-B0BB-8C2CC4B9A788}.Debug|x86.Build.0 = Debug|Win32
		{03C2E6BF-A46F-495B-B0BB-8C2CC4B9A788}.Release|x64.ActiveCfg = Release|x64
		{03C2E6BF-A46F-495B-B0BB-8C2CC4B9A788}.Release|x64.Build.0 = Release|x64
		{03C2E6BF-A46F-495B-B0BB-8C2CC4B9A788}.Release|x86.ActiveCfg = Release|Win32
		{03C2E6BF-A46F-495B-B0BB-8C2CC4B9A788}.Release|x86.Build.0 = Release|Win32
		{D1AC9215-E97D-41EA-9B4A-00F282B676F6}.Debug|x64.ActiveCfg = Debug|x64
		{D1AC9215-E97D-41EA-9B4A-00F282B676F6}.Debug|x64.Build.0 = Debug|x64
		{D1AC9215-E97D-41EA-9B4A-00F282B676F6}.Debug|x86.ActiveCfg = Debug|Win32
		{D1AC9215-E97D-41EA-9B4A-00F282B676F6}.Debug|x86.Build.0 = Debug|Win32
		{D1AC9215-E97D-41EA-9B4A-00F282B676F6}.Release|x64.ActiveCfg = Release|x64
		{D1AC9215-E97D-41EA-9B4A-00F282B676F6}.Release|x64.Build.0 = Release|x64
		{D1AC9215-E97D-41EA-9B4A-00F282B676F6}.Release|x86.ActiveCfg = Release|Win32
		{D1AC9215-E97D-41EA-9B4A-00F282B676F6}.Release|x86.Build.0 = Release|Win32
		{560166D1-45D2-47B8-9C7A-B0B3C52F0A04}.Debug|x64.ActiveCfg = Debug|x64
		{560166D1-45D2-47B8-9C7A-B0B3C52F0A04}.Debug|x64.Build.0 = Debug|x64
		{560166D1-45D2-47B8-9C7A-B0B3C52F0A04}.Debug|x86.ActiveCfg = Debug|Win32
		{560166D1-45D2-47B8-9C7A-B0B3C52F0A04}.Debug|x86.Build.0 = Debug|Win32
		{560166D1-45D2-47B8-9C7A-B0B3C52F0A04}.Release|x64.ActiveCfg = Release|x64
		{560166D1-45D2-47B8-9C7A-B0B3C52F0A04}.Release|x64.Build.0 = Release|x64
		{560166D1-45D2-47B8-9C7A-B0B3C52F0A04}.Release|x86.ActiveCfg = Release|Win32
		{560166D1-45D2-47B8-9C7A-B0B3C52F0A04}.Release|x86.Build.0 = Release|Win32
		{26AD7CF4-03C8-4469-891C-1E2D236C0029}.Debug|x64.ActiveCfg = Debug|x64
		{26AD7CF4-03C8-4469-891C-1E2D236C0029}.Debug|x64.Build.0 = Debug|x64
		{26AD7CF4-03C8-4469-891C-1E2D236C0029}.Debug|x86.ActiveCfg = Debug|Win32
		{26AD7CF4-03C8-4469-891C-1E2D236C0029}.Debug|x86.Build.0 = Debug|Win32
		{26AD7CF4-03C8-4469-891C-1E2D236C0029}.Release|x64.ActiveCfg = Release|x64
		{26AD7CF4-03C8-4469-891C-1E2D236C0029}.Release|x64.Build.0 = Release|x64
		{26AD7CF4-03C8-4469-891C-1E2D236C0029}.Release|x86.ActiveCfg = Release|Win32
		{26AD7CF4-03C8-4469-891C-1E2D236C0029}.Release|x86.Build.0 = Release|Win32
		{B6245F04-603F-404C-A9A7-2DADF8D7D1E5}.Debug|x64.ActiveCfg = Debug|x64
		{B6245F04-603F-404C-A9A7-2DADF8D7D1E5}.Debug|x64.Build.0 = Debug|x64
		{B6245F04-603F-404C-A9A7-2DADF8D7D1E5}.Debug|x86.ActiveCfg = Debug|Win32
		{B6245F04-603F-404C-A9A7-2DADF8D7D1E5}.Debug|x86.Build.0 = Debug|Win32
		{B6245F04-603F-404C-A9A7-2DADF8D7D1E5}.Release|x64.ActiveCfg = Release|x64
		{B6245F04-603F-404C-A9A7-2DADF8D7D1E5}.Release|x64.Build.0 = Release|x64
		{B6245F04-603F-404C-A9A7-2DADF8D7D1E5}.Release|x86.ActiveCfg = Release|Win32
		{B6245F04-603F-404C-A9A7-2DADF8D7D1E5}.Release|x86.Build.0 = Release|Win32
	EndGlobalSection
	GlobalSection(SolutionProperties) = preSolution
		HideSolutionNode = FALSE
	EndGlobalSection
	GlobalSection(ExtensibilityGlobals) = postSolution
		SolutionGuid = {FC634CFD-52A1-46F0-84DE-44F204C889C3}
	EndGlobalSection
EndGlobal
